{
  "name": "rideshare",
  "version": "1.0.0",
  "lockfileVersion": 2,
  "requires": true,
  "packages": {
    "": {
      "name": "rideshare",
      "version": "1.0.0",
      "license": "ISC",
      "dependencies": {
        "hyperapp": "^2.0.22"
      }
    },
    "node_modules/hyperapp": {
      "version": "2.0.22",
      "resolved": "https://registry.npmjs.org/hyperapp/-/hyperapp-2.0.22.tgz",
      "integrity": "sha512-3uf9HjnjrhbfykowFNEObZewBEo4DXJIM+9FnGkiR9E4H2eh2f921SzMCMS69X5nN3A7KFfmZc9KCKh/7TQBFA=="
    }
  },
  "dependencies": {
    "hyperapp": {
      "version": "2.0.22",
      "resolved": "https://registry.npmjs.org/hyperapp/-/hyperapp-2.0.22.tgz",
      "integrity": "sha512-3uf9HjnjrhbfykowFNEObZewBEo4DXJIM+9FnGkiR9E4H2eh2f921SzMCMS69X5nN3A7KFfmZc9KCKh/7TQBFA=="
    }
  }
}
